
Microsoft Visual Studio Solution File, Format Version 12.00
# Visual Studio 2013
VisualStudioVersion = 12.0.30324.0
MinimumVisualStudioVersion = 10.0.40219.1
Project("{2150E333-8FDC-42A3-9474-1A3956D46DE8}") = "MASA", "MASA", "{56B3771A-6C46-4DD0-B6CA-EDC088B13B7C}"
EndProject
Project("{D954291E-2A0B-460D-934E-DC6B0785DB48}") = "MASA.Shared", "MASA\MASA.Shared\MASA.Shared.shproj", "{8238602B-F22D-4704-8DE5-AB2232DD91A7}"
EndProject
Project("{FAE04EC0-301F-11D3-BF4B-00C04F79EFBC}") = "MASA.Windows", "MASA\MASA.Windows\MASA.Windows.csproj", "{90A6DFDB-3066-4F3C-A53F-3A3D1DB5E63F}"
EndProject
Project("{FAE04EC0-301F-11D3-BF4B-00C04F79EFBC}") = "MASA.WindowsPhone", "MASA\MASA.WindowsPhone\MASA.WindowsPhone.csproj", "{57470979-B484-4AD7-AF63-ED0ACEB4E9A9}"
EndProject
Project("{2150E333-8FDC-42A3-9474-1A3956D46DE8}") = "CoreLibraries", "CoreLibraries", "{078B31D6-F24A-451E-9DE6-8B8BCBFA641C}"
EndProject
Project("{FAE04EC0-301F-11D3-BF4B-00C04F79EFBC}") = "JsonRpcModelsLibrary", "CoreLibraries\JsonRpcModelsLibrary\JsonRpcModelsLibrary.csproj", "{D7902CC2-F142-4675-A0B2-C23ECA3F5A15}"
EndProject
Project("{2150E333-8FDC-42A3-9474-1A3956D46DE8}") = ".nuget", ".nuget", "{D45E7FF8-310E-4276-85A3-678470888AAD}"
	ProjectSection(SolutionItems) = preProject
		.nuget\NuGet.Config = .nuget\NuGet.Config
		.nuget\NuGet.exe = .nuget\NuGet.exe
		.nuget\NuGet.targets = .nuget\NuGet.targets
	EndProjectSection
EndProject
Global
	GlobalSection(SharedMSBuildProjectFiles) = preSolution
		MASA\MASA.Shared\MASA.Shared.projitems*{90a6dfdb-3066-4f3c-a53f-3a3d1db5e63f}*SharedItemsImports = 4
		MASA\MASA.Shared\MASA.Shared.projitems*{8238602b-f22d-4704-8de5-ab2232dd91a7}*SharedItemsImports = 13
		MASA\MASA.Shared\MASA.Shared.projitems*{57470979-b484-4ad7-af63-ed0aceb4e9a9}*SharedItemsImports = 4
	EndGlobalSection
	GlobalSection(SolutionConfigurationPlatforms) = preSolution
		Debug|Any CPU = Debug|Any CPU
		Debug|ARM = Debug|ARM
		Debug|x64 = Debug|x64
		Debug|x86 = Debug|x86
		Release|Any CPU = Release|Any CPU
		Release|ARM = Release|ARM
		Release|x64 = Release|x64
		Release|x86 = Release|x86
	EndGlobalSection
	GlobalSection(ProjectConfigurationPlatforms) = postSolution
		{90A6DFDB-3066-4F3C-A53F-3A3D1DB5E63F}.Debug|Any CPU.ActiveCfg = Debug|Any CPU
		{90A6DFDB-3066-4F3C-A53F-3A3D1DB5E63F}.Debug|Any CPU.Build.0 = Debug|Any CPU
		{90A6DFDB-3066-4F3C-A53F-3A3D1DB5E63F}.Debug|Any CPU.Deploy.0 = Debug|Any CPU
		{90A6DFDB-3066-4F3C-A53F-3A3D1DB5E63F}.Debug|ARM.ActiveCfg = Debug|ARM
		{90A6DFDB-3066-4F3C-A53F-3A3D1DB5E63F}.Debug|ARM.Build.0 = Debug|ARM
		{90A6DFDB-3066-4F3C-A53F-3A3D1DB5E63F}.Debug|ARM.Deploy.0 = Debug|ARM
		{90A6DFDB-3066-4F3C-A53F-3A3D1DB5E63F}.Debug|x64.ActiveCfg = Debug|x64
		{90A6DFDB-3066-4F3C-A53F-3A3D1DB5E63F}.Debug|x64.Build.0 = Debug|x64
		{90A6DFDB-3066-4F3C-A53F-3A3D1DB5E63F}.Debug|x64.Deploy.0 = Debug|x64
		{90A6DFDB-3066-4F3C-A53F-3A3D1DB5E63F}.Debug|x86.ActiveCfg = Debug|x86
		{90A6DFDB-3066-4F3C-A53F-3A3D1DB5E63F}.Debug|x86.Build.0 = Debug|x86
		{90A6DFDB-3066-4F3C-A53F-3A3D1DB5E63F}.Debug|x86.Deploy.0 = Debug|x86
		{90A6DFDB-3066-4F3C-A53F-3A3D1DB5E63F}.Release|Any CPU.ActiveCfg = Release|Any CPU
		{90A6DFDB-3066-4F3C-A53F-3A3D1DB5E63F}.Release|Any CPU.Build.0 = Release|Any CPU
		{90A6DFDB-3066-4F3C-A53F-3A3D1DB5E63F}.Release|Any CPU.Deploy.0 = Release|Any CPU
		{90A6DFDB-3066-4F3C-A53F-3A3D1DB5E63F}.Release|ARM.ActiveCfg = Release|ARM
		{90A6DFDB-3066-4F3C-A53F-3A3D1DB5E63F}.Release|ARM.Build.0 = Release|ARM
		{90A6DFDB-3066-4F3C-A53F-3A3D1DB5E63F}.Release|ARM.Deploy.0 = Release|ARM
		{90A6DFDB-3066-4F3C-A53F-3A3D1DB5E63F}.Release|x64.ActiveCfg = Release|x64
		{90A6DFDB-3066-4F3C-A53F-3A3D1DB5E63F}.Release|x64.Build.0 = Release|x64
		{90A6DFDB-3066-4F3C-A53F-3A3D1DB5E63F}.Release|x64.Deploy.0 = Release|x64
		{90A6DFDB-3066-4F3C-A53F-3A3D1DB5E63F}.Release|x86.ActiveCfg = Release|x86
		{90A6DFDB-3066-4F3C-A53F-3A3D1DB5E63F}.Release|x86.Build.0 = Release|x86
		{90A6DFDB-3066-4F3C-A53F-3A3D1DB5E63F}.Release|x86.Deploy.0 = Release|x86
		{57470979-B484-4AD7-AF63-ED0ACEB4E9A9}.Debug|Any CPU.ActiveCfg = Debug|Any CPU
		{57470979-B484-4AD7-AF63-ED0ACEB4E9A9}.Debug|Any CPU.Build.0 = Debug|Any CPU
		{57470979-B484-4AD7-AF63-ED0ACEB4E9A9}.Debug|Any CPU.Deploy.0 = Debug|Any CPU
		{57470979-B484-4AD7-AF63-ED0ACEB4E9A9}.Debug|ARM.ActiveCfg = Debug|ARM
		{57470979-B484-4AD7-AF63-ED0ACEB4E9A9}.Debug|ARM.Build.0 = Debug|ARM
		{57470979-B484-4AD7-AF63-ED0ACEB4E9A9}.Debug|ARM.Deploy.0 = Debug|ARM
		{57470979-B484-4AD7-AF63-ED0ACEB4E9A9}.Debug|x64.ActiveCfg = Debug|Any CPU
		{57470979-B484-4AD7-AF63-ED0ACEB4E9A9}.Debug|x86.ActiveCfg = Debug|x86
		{57470979-B484-4AD7-AF63-ED0ACEB4E9A9}.Debug|x86.Build.0 = Debug|x86
		{57470979-B484-4AD7-AF63-ED0ACEB4E9A9}.Debug|x86.Deploy.0 = Debug|x86
		{57470979-B484-4AD7-AF63-ED0ACEB4E9A9}.Release|Any CPU.ActiveCfg = Release|Any CPU
		{57470979-B484-4AD7-AF63-ED0ACEB4E9A9}.Release|Any CPU.Build.0 = Release|Any CPU
		{57470979-B484-4AD7-AF63-ED0ACEB4E9A9}.Release|Any CPU.Deploy.0 = Release|Any CPU
		{57470979-B484-4AD7-AF63-ED0ACEB4E9A9}.Release|ARM.ActiveCfg = Release|ARM
		{57470979-B484-4AD7-AF63-ED0ACEB4E9A9}.Release|ARM.Build.0 = Release|ARM
		{57470979-B484-4AD7-AF63-ED0ACEB4E9A9}.Release|ARM.Deploy.0 = Release|ARM
		{57470979-B484-4AD7-AF63-ED0ACEB4E9A9}.Release|x64.ActiveCfg = Release|Any CPU
		{57470979-B484-4AD7-AF63-ED0ACEB4E9A9}.Release|x86.ActiveCfg = Release|x86
		{57470979-B484-4AD7-AF63-ED0ACEB4E9A9}.Release|x86.Build.0 = Release|x86
		{57470979-B484-4AD7-AF63-ED0ACEB4E9A9}.Release|x86.Deploy.0 = Release|x86
		{D7902CC2-F142-4675-A0B2-C23ECA3F5A15}.Debug|Any CPU.ActiveCfg = Debug|Any CPU
		{D7902CC2-F142-4675-A0B2-C23ECA3F5A15}.Debug|Any CPU.Build.0 = Debug|Any CPU
		{D7902CC2-F142-4675-A0B2-C23ECA3F5A15}.Debug|ARM.ActiveCfg = Debug|Any CPU
		{D7902CC2-F142-4675-A0B2-C23ECA3F5A15}.Debug|x64.ActiveCfg = Debug|Any CPU
		{D7902CC2-F142-4675-A0B2-C23ECA3F5A15}.Debug|x86.ActiveCfg = Debug|Any CPU
		{D7902CC2-F142-4675-A0B2-C23ECA3F5A15}.Release|Any CPU.ActiveCfg = Release|Any CPU
		{D7902CC2-F142-4675-A0B2-C23ECA3F5A15}.Release|Any CPU.Build.0 = Release|Any CPU
		{D7902CC2-F142-4675-A0B2-C23ECA3F5A15}.Release|ARM.ActiveCfg = Release|Any CPU
		{D7902CC2-F142-4675-A0B2-C23ECA3F5A15}.Release|x64.ActiveCfg = Release|Any CPU
		{D7902CC2-F142-4675-A0B2-C23ECA3F5A15}.Release|x86.ActiveCfg = Release|Any CPU
	EndGlobalSection
	GlobalSection(SolutionProperties) = preSolution
		HideSolutionNode = FALSE
	EndGlobalSection
	GlobalSection(NestedProjects) = preSolution
		{8238602B-F22D-4704-8DE5-AB2232DD91A7} = {56B3771A-6C46-4DD0-B6CA-EDC088B13B7C}
		{90A6DFDB-3066-4F3C-A53F-3A3D1DB5E63F} = {56B3771A-6C46-4DD0-B6CA-EDC088B13B7C}
		{57470979-B484-4AD7-AF63-ED0ACEB4E9A9} = {56B3771A-6C46-4DD0-B6CA-EDC088B13B7C}
		{D7902CC2-F142-4675-A0B2-C23ECA3F5A15} = {078B31D6-F24A-451E-9DE6-8B8BCBFA641C}
	EndGlobalSection
EndGlobal
