
Microsoft Visual Studio Solution File, Format Version 12.00
# Visual Studio 2013
VisualStudioVersion = 12.0.30324.0
MinimumVisualStudioVersion = 10.0.40219.1
Project("{2150E333-8FDC-42A3-9474-1A3956D46DE8}") = "CoreLibraries", "CoreLibraries", "{078B31D6-F24A-451E-9DE6-8B8BCBFA641C}"
EndProject
Project("{FAE04EC0-301F-11D3-BF4B-00C04F79EFBC}") = "JsonRpcLib", "CoreLibraries\JsonRpcModelsLibrary\JsonRpcLib.csproj", "{D7902CC2-F142-4675-A0B2-C23ECA3F5A15}"
EndProject
Project("{2150E333-8FDC-42A3-9474-1A3956D46DE8}") = ".nuget", ".nuget", "{D45E7FF8-310E-4276-85A3-678470888AAD}"
	ProjectSection(SolutionItems) = preProject
		.nuget\NuGet.Config = .nuget\NuGet.Config
		.nuget\NuGet.exe = .nuget\NuGet.exe
		.nuget\NuGet.targets = .nuget\NuGet.targets
	EndProjectSection
EndProject
Project("{FAE04EC0-301F-11D3-BF4B-00C04F79EFBC}") = "MASACore", "MASACore\MASACore.csproj", "{ABA2CDB4-2A61-4818-B383-6948FC9997AB}"
EndProject
Global
	GlobalSection(SolutionConfigurationPlatforms) = preSolution
		Debug|Any CPU = Debug|Any CPU
		Debug|ARM = Debug|ARM
		Debug|x64 = Debug|x64
		Debug|x86 = Debug|x86
		Release|Any CPU = Release|Any CPU
		Release|ARM = Release|ARM
		Release|x64 = Release|x64
		Release|x86 = Release|x86
	EndGlobalSection
	GlobalSection(ProjectConfigurationPlatforms) = postSolution
		{D7902CC2-F142-4675-A0B2-C23ECA3F5A15}.Debug|Any CPU.ActiveCfg = Debug|Any CPU
		{D7902CC2-F142-4675-A0B2-C23ECA3F5A15}.Debug|Any CPU.Build.0 = Debug|Any CPU
		{D7902CC2-F142-4675-A0B2-C23ECA3F5A15}.Debug|ARM.ActiveCfg = Debug|Any CPU
		{D7902CC2-F142-4675-A0B2-C23ECA3F5A15}.Debug|x64.ActiveCfg = Debug|Any CPU
		{D7902CC2-F142-4675-A0B2-C23ECA3F5A15}.Debug|x86.ActiveCfg = Debug|Any CPU
		{D7902CC2-F142-4675-A0B2-C23ECA3F5A15}.Release|Any CPU.ActiveCfg = Release|Any CPU
		{D7902CC2-F142-4675-A0B2-C23ECA3F5A15}.Release|Any CPU.Build.0 = Release|Any CPU
		{D7902CC2-F142-4675-A0B2-C23ECA3F5A15}.Release|ARM.ActiveCfg = Release|Any CPU
		{D7902CC2-F142-4675-A0B2-C23ECA3F5A15}.Release|x64.ActiveCfg = Release|Any CPU
		{D7902CC2-F142-4675-A0B2-C23ECA3F5A15}.Release|x86.ActiveCfg = Release|Any CPU
		{ABA2CDB4-2A61-4818-B383-6948FC9997AB}.Debug|Any CPU.ActiveCfg = Debug|Any CPU
		{ABA2CDB4-2A61-4818-B383-6948FC9997AB}.Debug|Any CPU.Build.0 = Debug|Any CPU
		{ABA2CDB4-2A61-4818-B383-6948FC9997AB}.Debug|ARM.ActiveCfg = Debug|Any CPU
		{ABA2CDB4-2A61-4818-B383-6948FC9997AB}.Debug|x64.ActiveCfg = Debug|Any CPU
		{ABA2CDB4-2A61-4818-B383-6948FC9997AB}.Debug|x86.ActiveCfg = Debug|Any CPU
		{ABA2CDB4-2A61-4818-B383-6948FC9997AB}.Release|Any CPU.ActiveCfg = Release|Any CPU
		{ABA2CDB4-2A61-4818-B383-6948FC9997AB}.Release|Any CPU.Build.0 = Release|Any CPU
		{ABA2CDB4-2A61-4818-B383-6948FC9997AB}.Release|ARM.ActiveCfg = Release|Any CPU
		{ABA2CDB4-2A61-4818-B383-6948FC9997AB}.Release|x64.ActiveCfg = Release|Any CPU
		{ABA2CDB4-2A61-4818-B383-6948FC9997AB}.Release|x86.ActiveCfg = Release|Any CPU
	EndGlobalSection
	GlobalSection(SolutionProperties) = preSolution
		HideSolutionNode = FALSE
	EndGlobalSection
	GlobalSection(NestedProjects) = preSolution
		{D7902CC2-F142-4675-A0B2-C23ECA3F5A15} = {078B31D6-F24A-451E-9DE6-8B8BCBFA641C}
	EndGlobalSection
EndGlobal
